
Microsoft Visual Studio Solution File, Format Version 12.00
# Visual Studio Version 17
VisualStudioVersion = 17.0.31903.59
MinimumVisualStudioVersion = 10.0.40219.1
Project("{FAE04EC0-301F-11D3-BF4B-00C04F79EFBC}") = "MyTracker.App", "MyTracker.App\MyTracker.App.csproj", "{6C3996AC-A949-4DFC-A87B-D81A1B88FC51}"
EndProject
Project("{FAE04EC0-301F-11D3-BF4B-00C04F79EFBC}") = "MyTracker.Domain", "MyTracker.Domain\MyTracker.Domain.csproj", "{C972193C-618C-4E3E-BE73-7B6B5E632F2B}"
EndProject
Project("{FAE04EC0-301F-11D3-BF4B-00C04F79EFBC}") = "MyTracker.Infrastructure", "MyTracker.Infrastructure\MyTracker.Infrastructure.csproj", "{924A3AB5-A557-4806-AADA-0BFE19B3ED85}"
EndProject
Project("{FAE04EC0-301F-11D3-BF4B-00C04F79EFBC}") = "MyTracker.Domain.Tests", "MyTracker.Domain.Tests\MyTracker.Domain.Tests.csproj", "{C4FE974C-A18E-42A4-AB95-04C1B6D28DFE}"
EndProject
Project("{FAE04EC0-301F-11D3-BF4B-00C04F79EFBC}") = "MyTracker.Infrastructure.Tests", "MyTracker.Infrastructure.Tests\MyTracker.Infrastructure.Tests.csproj", "{14E3C30A-8B61-4613-85BF-53E50EAAB578}"
EndProject
Global
	GlobalSection(SolutionConfigurationPlatforms) = preSolution
		Debug|Any CPU = Debug|Any CPU
		Release|Any CPU = Release|Any CPU
	EndGlobalSection
	GlobalSection(SolutionProperties) = preSolution
		HideSolutionNode = FALSE
	EndGlobalSection
	GlobalSection(ProjectConfigurationPlatforms) = postSolution
		{6C3996AC-A949-4DFC-A87B-D81A1B88FC51}.Debug|Any CPU.ActiveCfg = Debug|Any CPU
		{6C3996AC-A949-4DFC-A87B-D81A1B88FC51}.Debug|Any CPU.Build.0 = Debug|Any CPU
		{6C3996AC-A949-4DFC-A87B-D81A1B88FC51}.Release|Any CPU.ActiveCfg = Release|Any CPU
		{6C3996AC-A949-4DFC-A87B-D81A1B88FC51}.Release|Any CPU.Build.0 = Release|Any CPU
		{C972193C-618C-4E3E-BE73-7B6B5E632F2B}.Debug|Any CPU.ActiveCfg = Debug|Any CPU
		{C972193C-618C-4E3E-BE73-7B6B5E632F2B}.Debug|Any CPU.Build.0 = Debug|Any CPU
		{C972193C-618C-4E3E-BE73-7B6B5E632F2B}.Release|Any CPU.ActiveCfg = Release|Any CPU
		{C972193C-618C-4E3E-BE73-7B6B5E632F2B}.Release|Any CPU.Build.0 = Release|Any CPU
		{924A3AB5-A557-4806-AADA-0BFE19B3ED85}.Debug|Any CPU.ActiveCfg = Debug|Any CPU
		{924A3AB5-A557-4806-AADA-0BFE19B3ED85}.Debug|Any CPU.Build.0 = Debug|Any CPU
		{924A3AB5-A557-4806-AADA-0BFE19B3ED85}.Release|Any CPU.ActiveCfg = Release|Any CPU
		{924A3AB5-A557-4806-AADA-0BFE19B3ED85}.Release|Any CPU.Build.0 = Release|Any CPU
		{C4FE974C-A18E-42A4-AB95-04C1B6D28DFE}.Debug|Any CPU.ActiveCfg = Debug|Any CPU
		{C4FE974C-A18E-42A4-AB95-04C1B6D28DFE}.Debug|Any CPU.Build.0 = Debug|Any CPU
		{C4FE974C-A18E-42A4-AB95-04C1B6D28DFE}.Release|Any CPU.ActiveCfg = Release|Any CPU
		{C4FE974C-A18E-42A4-AB95-04C1B6D28DFE}.Release|Any CPU.Build.0 = Release|Any CPU
		{14E3C30A-8B61-4613-85BF-53E50EAAB578}.Debug|Any CPU.ActiveCfg = Debug|Any CPU
		{14E3C30A-8B61-4613-85BF-53E50EAAB578}.Debug|Any CPU.Build.0 = Debug|Any CPU
		{14E3C30A-8B61-4613-85BF-53E50EAAB578}.Release|Any CPU.ActiveCfg = Release|Any CPU
		{14E3C30A-8B61-4613-85BF-53E50EAAB578}.Release|Any CPU.Build.0 = Release|Any CPU
	EndGlobalSection
EndGlobal
